
Microsoft Visual Studio Solution File, Format Version 12.00
# Visual Studio Version 17
VisualStudioVersion = 17.0.31717.71
MinimumVisualStudioVersion = 10.0.40219.1
Project("{2150E333-8FDC-42A3-9474-1A3956D46DE8}") = "src", "src", "{40AADEE4-13B4-4508-A796-3B3D90770A4E}"
EndProject
Project("{2150E333-8FDC-42A3-9474-1A3956D46DE8}") = "scripts", "scripts", "{6F4F3A0E-06A9-4A6E-BA84-ADD5D4E3ECAE}"
	ProjectSection(SolutionItems) = preProject
		.github\workflows\pack.yml = .github\workflows\pack.yml
	EndProjectSection
EndProject
Project("{2150E333-8FDC-42A3-9474-1A3956D46DE8}") = "template", "template", "{C290B017-2D47-460A-A489-228561E9A244}"
EndProject
Project("{9A19103F-16F7-4668-BE54-9A1E7A4F7556}") = "BootstrapBlazorServerPack", "template\BootstrapBlazorServerPack.csproj", "{E1FDAA3C-3A63-40DB-A986-8D2E171754B9}"
EndProject
Project("{2150E333-8FDC-42A3-9474-1A3956D46DE8}") = "template-ui", "template-ui", "{06915C19-F028-4687-8DA8-169DEB504ED6}"
EndProject
Project("{FAE04EC0-301F-11D3-BF4B-00C04F79EFBC}") = "BootstrapBlazor.UITemplate", "template-ui\VsixPackager\BootstrapBlazor.UITemplate.csproj", "{110AA228-E8A2-41AB-93AA-7209BA50667A}"
EndProject
Project("{2150E333-8FDC-42A3-9474-1A3956D46DE8}") = "windows", "windows", "{40A9706D-5CCA-4841-8B81-FB89023C961B}"
	ProjectSection(SolutionItems) = preProject
		scripts\sync.cmd = scripts\sync.cmd
		scripts\sync.sh = scripts\sync.sh
	EndProjectSection
EndProject
Project("{2150E333-8FDC-42A3-9474-1A3956D46DE8}") = "Auto", "Auto", "{81D5D0EC-CFEF-40D3-A903-04377DFE8D5B}"
EndProject
Project("{2150E333-8FDC-42A3-9474-1A3956D46DE8}") = "Server", "Server", "{91B829D2-B0F9-41C2-9B6D-A489D51585FE}"
EndProject
Project("{2150E333-8FDC-42A3-9474-1A3956D46DE8}") = "WebAssembly", "WebAssembly", "{1CFC6805-3F9C-4033-BED9-3359D71EA376}"
EndProject
Project("{9A19103F-16F7-4668-BE54-9A1E7A4F7556}") = "BootstrapBlazorApp.Client", "src\Auto\BootstrapBlazorApp.Client\BootstrapBlazorApp.Client.csproj", "{C5F8DE94-84FE-4FE7-BB54-5088BC555C1F}"
EndProject
Project("{9A19103F-16F7-4668-BE54-9A1E7A4F7556}") = "BootstrapBlazorApp", "src\Auto\BootstrapBlazorApp\BootstrapBlazorApp.csproj", "{82D213B6-D5F4-49DD-AE9D-93F2681539CB}"
EndProject
Project("{9A19103F-16F7-4668-BE54-9A1E7A4F7556}") = "BootstrapBlazorApp.Server", "src\Server\BootstrapBlazorApp.Server\BootstrapBlazorApp.Server.csproj", "{958DA250-C109-441E-85F4-8E0F6E88158A}"
EndProject
Project("{2150E333-8FDC-42A3-9474-1A3956D46DE8}") = "Auto-Per", "Auto-Per", "{8BD4B802-A97E-46C3-8A18-6D0452597736}"
EndProject
Project("{9A19103F-16F7-4668-BE54-9A1E7A4F7556}") = "BootstrapBlazorApp.Client", "src\Auto-Per\BootstrapBlazorApp.Client\BootstrapBlazorApp.Client.csproj", "{D1F89157-CB47-46C3-AE92-E5439D7A451E}"
EndProject
Project("{9A19103F-16F7-4668-BE54-9A1E7A4F7556}") = "BootstrapBlazorApp", "src\Auto-Per\BootstrapBlazorApp\BootstrapBlazorApp.csproj", "{FD52DF6B-29EF-4716-A35D-CB3DFDF5CE51}"
EndProject
Project("{FAE04EC0-301F-11D3-BF4B-00C04F79EFBC}") = "BootstrapBlazorApp", "src\WebAssembly\BootstrapBlazorApp\BootstrapBlazorApp.csproj", "{3625FD35-293E-4F65-B356-821FA5E08136}"
EndProject
Project("{FAE04EC0-301F-11D3-BF4B-00C04F79EFBC}") = "BootstrapBlazorApp.Client", "src\WebAssembly\BootstrapBlazorApp.Client\BootstrapBlazorApp.Client.csproj", "{7B81082B-3DD6-4D2A-B19D-D69F9E8B1175}"
EndProject
Project("{2150E333-8FDC-42A3-9474-1A3956D46DE8}") = "Wasm", "Wasm", "{02EA681E-C7D8-13C7-8484-4AC65E1B71E8}"
EndProject
Project("{FAE04EC0-301F-11D3-BF4B-00C04F79EFBC}") = "BootstrapBlazorApp", "src\Wasm\BootstrapBlazorApp\BootstrapBlazorApp.csproj", "{5EFC9F95-F939-98CE-965B-20AB9B1DCDFF}"
EndProject
Project("{2150E333-8FDC-42A3-9474-1A3956D46DE8}") = "Maui", "Maui", "{61557912-2B6D-4A85-A706-9938C7DD909C}"
EndProject
Project("{FAE04EC0-301F-11D3-BF4B-00C04F79EFBC}") = "BootstrapBlazor.Maui.Shared", "src\Maui\BootstrapBlazor.Maui.Shared\BootstrapBlazor.Maui.Shared.csproj", "{9F60258E-3AF0-182C-00BF-A1D62FC1E7CD}"
EndProject
Project("{FAE04EC0-301F-11D3-BF4B-00C04F79EFBC}") = "BootstrapBlazor.Maui", "src\Maui\BootstrapBlazor.Maui\BootstrapBlazor.Maui.csproj", "{FCFA6413-7CE5-74D9-C990-61F28CC9AC8E}"
EndProject
Global
	GlobalSection(SolutionConfigurationPlatforms) = preSolution
		Debug|Any CPU = Debug|Any CPU
		Debug|x86 = Debug|x86
		Release|Any CPU = Release|Any CPU
		Release|x86 = Release|x86
	EndGlobalSection
	GlobalSection(ProjectConfigurationPlatforms) = postSolution
		{E1FDAA3C-3A63-40DB-A986-8D2E171754B9}.Debug|Any CPU.ActiveCfg = Debug|Any CPU
		{E1FDAA3C-3A63-40DB-A986-8D2E171754B9}.Debug|Any CPU.Build.0 = Debug|Any CPU
		{E1FDAA3C-3A63-40DB-A986-8D2E171754B9}.Debug|x86.ActiveCfg = Debug|Any CPU
		{E1FDAA3C-3A63-40DB-A986-8D2E171754B9}.Debug|x86.Build.0 = Debug|Any CPU
		{E1FDAA3C-3A63-40DB-A986-8D2E171754B9}.Release|Any CPU.ActiveCfg = Release|Any CPU
		{E1FDAA3C-3A63-40DB-A986-8D2E171754B9}.Release|Any CPU.Build.0 = Release|Any CPU
		{E1FDAA3C-3A63-40DB-A986-8D2E171754B9}.Release|x86.ActiveCfg = Release|Any CPU
		{E1FDAA3C-3A63-40DB-A986-8D2E171754B9}.Release|x86.Build.0 = Release|Any CPU
		{110AA228-E8A2-41AB-93AA-7209BA50667A}.Debug|Any CPU.ActiveCfg = Debug|Any CPU
		{110AA228-E8A2-41AB-93AA-7209BA50667A}.Debug|Any CPU.Build.0 = Debug|Any CPU
		{110AA228-E8A2-41AB-93AA-7209BA50667A}.Debug|x86.ActiveCfg = Debug|x86
		{110AA228-E8A2-41AB-93AA-7209BA50667A}.Release|Any CPU.ActiveCfg = Release|Any CPU
		{110AA228-E8A2-41AB-93AA-7209BA50667A}.Release|Any CPU.Build.0 = Release|Any CPU
		{110AA228-E8A2-41AB-93AA-7209BA50667A}.Release|x86.ActiveCfg = Release|x86
		{C5F8DE94-84FE-4FE7-BB54-5088BC555C1F}.Debug|Any CPU.ActiveCfg = Debug|Any CPU
		{C5F8DE94-84FE-4FE7-BB54-5088BC555C1F}.Debug|Any CPU.Build.0 = Debug|Any CPU
		{C5F8DE94-84FE-4FE7-BB54-5088BC555C1F}.Debug|x86.ActiveCfg = Debug|Any CPU
		{C5F8DE94-84FE-4FE7-BB54-5088BC555C1F}.Debug|x86.Build.0 = Debug|Any CPU
		{C5F8DE94-84FE-4FE7-BB54-5088BC555C1F}.Release|Any CPU.ActiveCfg = Release|Any CPU
		{C5F8DE94-84FE-4FE7-BB54-5088BC555C1F}.Release|Any CPU.Build.0 = Release|Any CPU
		{C5F8DE94-84FE-4FE7-BB54-5088BC555C1F}.Release|x86.ActiveCfg = Release|Any CPU
		{C5F8DE94-84FE-4FE7-BB54-5088BC555C1F}.Release|x86.Build.0 = Release|Any CPU
		{82D213B6-D5F4-49DD-AE9D-93F2681539CB}.Debug|Any CPU.ActiveCfg = Debug|Any CPU
		{82D213B6-D5F4-49DD-AE9D-93F2681539CB}.Debug|Any CPU.Build.0 = Debug|Any CPU
		{82D213B6-D5F4-49DD-AE9D-93F2681539CB}.Debug|x86.ActiveCfg = Debug|Any CPU
		{82D213B6-D5F4-49DD-AE9D-93F2681539CB}.Debug|x86.Build.0 = Debug|Any CPU
		{82D213B6-D5F4-49DD-AE9D-93F2681539CB}.Release|Any CPU.ActiveCfg = Release|Any CPU
		{82D213B6-D5F4-49DD-AE9D-93F2681539CB}.Release|Any CPU.Build.0 = Release|Any CPU
		{82D213B6-D5F4-49DD-AE9D-93F2681539CB}.Release|x86.ActiveCfg = Release|Any CPU
		{82D213B6-D5F4-49DD-AE9D-93F2681539CB}.Release|x86.Build.0 = Release|Any CPU
		{958DA250-C109-441E-85F4-8E0F6E88158A}.Debug|Any CPU.ActiveCfg = Debug|Any CPU
		{958DA250-C109-441E-85F4-8E0F6E88158A}.Debug|Any CPU.Build.0 = Debug|Any CPU
		{958DA250-C109-441E-85F4-8E0F6E88158A}.Debug|x86.ActiveCfg = Debug|Any CPU
		{958DA250-C109-441E-85F4-8E0F6E88158A}.Debug|x86.Build.0 = Debug|Any CPU
		{958DA250-C109-441E-85F4-8E0F6E88158A}.Release|Any CPU.ActiveCfg = Release|Any CPU
		{958DA250-C109-441E-85F4-8E0F6E88158A}.Release|Any CPU.Build.0 = Release|Any CPU
		{958DA250-C109-441E-85F4-8E0F6E88158A}.Release|x86.ActiveCfg = Release|Any CPU
		{958DA250-C109-441E-85F4-8E0F6E88158A}.Release|x86.Build.0 = Release|Any CPU
		{D1F89157-CB47-46C3-AE92-E5439D7A451E}.Debug|Any CPU.ActiveCfg = Debug|Any CPU
		{D1F89157-CB47-46C3-AE92-E5439D7A451E}.Debug|Any CPU.Build.0 = Debug|Any CPU
		{D1F89157-CB47-46C3-AE92-E5439D7A451E}.Debug|x86.ActiveCfg = Debug|Any CPU
		{D1F89157-CB47-46C3-AE92-E5439D7A451E}.Debug|x86.Build.0 = Debug|Any CPU
		{D1F89157-CB47-46C3-AE92-E5439D7A451E}.Release|Any CPU.ActiveCfg = Release|Any CPU
		{D1F89157-CB47-46C3-AE92-E5439D7A451E}.Release|Any CPU.Build.0 = Release|Any CPU
		{D1F89157-CB47-46C3-AE92-E5439D7A451E}.Release|x86.ActiveCfg = Release|Any CPU
		{D1F89157-CB47-46C3-AE92-E5439D7A451E}.Release|x86.Build.0 = Release|Any CPU
		{FD52DF6B-29EF-4716-A35D-CB3DFDF5CE51}.Debug|Any CPU.ActiveCfg = Debug|Any CPU
		{FD52DF6B-29EF-4716-A35D-CB3DFDF5CE51}.Debug|Any CPU.Build.0 = Debug|Any CPU
		{FD52DF6B-29EF-4716-A35D-CB3DFDF5CE51}.Debug|x86.ActiveCfg = Debug|Any CPU
		{FD52DF6B-29EF-4716-A35D-CB3DFDF5CE51}.Debug|x86.Build.0 = Debug|Any CPU
		{FD52DF6B-29EF-4716-A35D-CB3DFDF5CE51}.Release|Any CPU.ActiveCfg = Release|Any CPU
		{FD52DF6B-29EF-4716-A35D-CB3DFDF5CE51}.Release|Any CPU.Build.0 = Release|Any CPU
		{FD52DF6B-29EF-4716-A35D-CB3DFDF5CE51}.Release|x86.ActiveCfg = Release|Any CPU
		{FD52DF6B-29EF-4716-A35D-CB3DFDF5CE51}.Release|x86.Build.0 = Release|Any CPU
		{3625FD35-293E-4F65-B356-821FA5E08136}.Debug|Any CPU.ActiveCfg = Debug|Any CPU
		{3625FD35-293E-4F65-B356-821FA5E08136}.Debug|Any CPU.Build.0 = Debug|Any CPU
		{3625FD35-293E-4F65-B356-821FA5E08136}.Debug|x86.ActiveCfg = Debug|Any CPU
		{3625FD35-293E-4F65-B356-821FA5E08136}.Debug|x86.Build.0 = Debug|Any CPU
		{3625FD35-293E-4F65-B356-821FA5E08136}.Release|Any CPU.ActiveCfg = Release|Any CPU
		{3625FD35-293E-4F65-B356-821FA5E08136}.Release|Any CPU.Build.0 = Release|Any CPU
		{3625FD35-293E-4F65-B356-821FA5E08136}.Release|x86.ActiveCfg = Release|Any CPU
		{3625FD35-293E-4F65-B356-821FA5E08136}.Release|x86.Build.0 = Release|Any CPU
		{7B81082B-3DD6-4D2A-B19D-D69F9E8B1175}.Debug|Any CPU.ActiveCfg = Debug|Any CPU
		{7B81082B-3DD6-4D2A-B19D-D69F9E8B1175}.Debug|Any CPU.Build.0 = Debug|Any CPU
		{7B81082B-3DD6-4D2A-B19D-D69F9E8B1175}.Debug|x86.ActiveCfg = Debug|Any CPU
		{7B81082B-3DD6-4D2A-B19D-D69F9E8B1175}.Debug|x86.Build.0 = Debug|Any CPU
		{7B81082B-3DD6-4D2A-B19D-D69F9E8B1175}.Release|Any CPU.ActiveCfg = Release|Any CPU
		{7B81082B-3DD6-4D2A-B19D-D69F9E8B1175}.Release|Any CPU.Build.0 = Release|Any CPU
		{7B81082B-3DD6-4D2A-B19D-D69F9E8B1175}.Release|x86.ActiveCfg = Release|Any CPU
		{7B81082B-3DD6-4D2A-B19D-D69F9E8B1175}.Release|x86.Build.0 = Release|Any CPU
		{5EFC9F95-F939-98CE-965B-20AB9B1DCDFF}.Debug|Any CPU.ActiveCfg = Debug|Any CPU
		{5EFC9F95-F939-98CE-965B-20AB9B1DCDFF}.Debug|Any CPU.Build.0 = Debug|Any CPU
		{5EFC9F95-F939-98CE-965B-20AB9B1DCDFF}.Debug|x86.ActiveCfg = Debug|Any CPU
		{5EFC9F95-F939-98CE-965B-20AB9B1DCDFF}.Debug|x86.Build.0 = Debug|Any CPU
		{5EFC9F95-F939-98CE-965B-20AB9B1DCDFF}.Release|Any CPU.ActiveCfg = Release|Any CPU
		{5EFC9F95-F939-98CE-965B-20AB9B1DCDFF}.Release|Any CPU.Build.0 = Release|Any CPU
		{5EFC9F95-F939-98CE-965B-20AB9B1DCDFF}.Release|x86.ActiveCfg = Release|Any CPU
		{5EFC9F95-F939-98CE-965B-20AB9B1DCDFF}.Release|x86.Build.0 = Release|Any CPU
		{9F60258E-3AF0-182C-00BF-A1D62FC1E7CD}.Debug|Any CPU.ActiveCfg = Debug|Any CPU
		{9F60258E-3AF0-182C-00BF-A1D62FC1E7CD}.Debug|Any CPU.Build.0 = Debug|Any CPU
		{9F60258E-3AF0-182C-00BF-A1D62FC1E7CD}.Debug|x86.ActiveCfg = Debug|Any CPU
		{9F60258E-3AF0-182C-00BF-A1D62FC1E7CD}.Debug|x86.Build.0 = Debug|Any CPU
		{9F60258E-3AF0-182C-00BF-A1D62FC1E7CD}.Release|Any CPU.ActiveCfg = Release|Any CPU
		{9F60258E-3AF0-182C-00BF-A1D62FC1E7CD}.Release|Any CPU.Build.0 = Release|Any CPU
		{9F60258E-3AF0-182C-00BF-A1D62FC1E7CD}.Release|x86.ActiveCfg = Release|Any CPU
		{9F60258E-3AF0-182C-00BF-A1D62FC1E7CD}.Release|x86.Build.0 = Release|Any CPU
		{FCFA6413-7CE5-74D9-C990-61F28CC9AC8E}.Debug|Any CPU.ActiveCfg = Debug|Any CPU
		{FCFA6413-7CE5-74D9-C990-61F28CC9AC8E}.Debug|Any CPU.Build.0 = Debug|Any CPU
		{FCFA6413-7CE5-74D9-C990-61F28CC9AC8E}.Debug|x86.ActiveCfg = Debug|Any CPU
		{FCFA6413-7CE5-74D9-C990-61F28CC9AC8E}.Debug|x86.Build.0 = Debug|Any CPU
		{FCFA6413-7CE5-74D9-C990-61F28CC9AC8E}.Release|Any CPU.ActiveCfg = Release|Any CPU
		{FCFA6413-7CE5-74D9-C990-61F28CC9AC8E}.Release|Any CPU.Build.0 = Release|Any CPU
		{FCFA6413-7CE5-74D9-C990-61F28CC9AC8E}.Release|x86.ActiveCfg = Release|Any CPU
		{FCFA6413-7CE5-74D9-C990-61F28CC9AC8E}.Release|x86.Build.0 = Release|Any CPU
	EndGlobalSection
	GlobalSection(SolutionProperties) = preSolution
		HideSolutionNode = FALSE
	EndGlobalSection
	GlobalSection(NestedProjects) = preSolution
		{E1FDAA3C-3A63-40DB-A986-8D2E171754B9} = {C290B017-2D47-460A-A489-228561E9A244}
		{110AA228-E8A2-41AB-93AA-7209BA50667A} = {06915C19-F028-4687-8DA8-169DEB504ED6}
		{40A9706D-5CCA-4841-8B81-FB89023C961B} = {6F4F3A0E-06A9-4A6E-BA84-ADD5D4E3ECAE}
		{81D5D0EC-CFEF-40D3-A903-04377DFE8D5B} = {40AADEE4-13B4-4508-A796-3B3D90770A4E}
		{91B829D2-B0F9-41C2-9B6D-A489D51585FE} = {40AADEE4-13B4-4508-A796-3B3D90770A4E}
		{1CFC6805-3F9C-4033-BED9-3359D71EA376} = {40AADEE4-13B4-4508-A796-3B3D90770A4E}
		{C5F8DE94-84FE-4FE7-BB54-5088BC555C1F} = {81D5D0EC-CFEF-40D3-A903-04377DFE8D5B}
		{82D213B6-D5F4-49DD-AE9D-93F2681539CB} = {81D5D0EC-CFEF-40D3-A903-04377DFE8D5B}
		{958DA250-C109-441E-85F4-8E0F6E88158A} = {91B829D2-B0F9-41C2-9B6D-A489D51585FE}
		{8BD4B802-A97E-46C3-8A18-6D0452597736} = {40AADEE4-13B4-4508-A796-3B3D90770A4E}
		{D1F89157-CB47-46C3-AE92-E5439D7A451E} = {8BD4B802-A97E-46C3-8A18-6D0452597736}
		{FD52DF6B-29EF-4716-A35D-CB3DFDF5CE51} = {8BD4B802-A97E-46C3-8A18-6D0452597736}
		{3625FD35-293E-4F65-B356-821FA5E08136} = {1CFC6805-3F9C-4033-BED9-3359D71EA376}
		{7B81082B-3DD6-4D2A-B19D-D69F9E8B1175} = {1CFC6805-3F9C-4033-BED9-3359D71EA376}
		{02EA681E-C7D8-13C7-8484-4AC65E1B71E8} = {40AADEE4-13B4-4508-A796-3B3D90770A4E}
		{5EFC9F95-F939-98CE-965B-20AB9B1DCDFF} = {02EA681E-C7D8-13C7-8484-4AC65E1B71E8}
		{61557912-2B6D-4A85-A706-9938C7DD909C} = {40AADEE4-13B4-4508-A796-3B3D90770A4E}
		{9F60258E-3AF0-182C-00BF-A1D62FC1E7CD} = {61557912-2B6D-4A85-A706-9938C7DD909C}
		{FCFA6413-7CE5-74D9-C990-61F28CC9AC8E} = {61557912-2B6D-4A85-A706-9938C7DD909C}
	EndGlobalSection
	GlobalSection(ExtensibilityGlobals) = postSolution
		SolutionGuid = {E900480D-9593-4B99-8762-F3A48997A2C2}
	EndGlobalSection
EndGlobal
